Microsoft Visual Studio Solution File, Format Version 12.00
# Visual Studio Version 17
VisualStudioVersion = 17.5.2.0
MinimumVisualStudioVersion = 10.0.40219.1
Project("{FAE04EC0-301F-11D3-BF4B-00C04F79EFBC}") = "Bookify.API", "Bookify.API\Bookify.API.csproj", "{19BC9D29-C934-2E9D-EE68-B759E8FB0CDA}"
EndProject
Global
	GlobalSection(SolutionConfigurationPlatforms) = preSolution
		Debug|Any CPU = Debug|Any CPU
		Release|Any CPU = Release|Any CPU
	EndGlobalSection
	GlobalSection(ProjectConfigurationPlatforms) = postSolution
		{19BC9D29-C934-2E9D-EE68-B759E8FB0CDA}.Debug|Any CPU.ActiveCfg = Debug|Any CPU
		{19BC9D29-C934-2E9D-EE68-B759E8FB0CDA}.Debug|Any CPU.Build.0 = Debug|Any CPU
		{19BC9D29-C934-2E9D-EE68-B759E8FB0CDA}.Release|Any CPU.ActiveCfg = Release|Any CPU
		{19BC9D29-C934-2E9D-EE68-B759E8FB0CDA}.Release|Any CPU.Build.0 = Release|Any CPU
	EndGlobalSection
	GlobalSection(SolutionProperties) = preSolution
		HideSolutionNode = FALSE
	EndGlobalSection
	GlobalSection(ExtensibilityGlobals) = postSolution
		SolutionGuid = {6CC2B68B-197A-4463-BAD0-1454F36CA746}
	EndGlobalSection
EndGlobal
